
Microsoft Visual Studio Solution File, Format Version 12.00
# Visual Studio Version 16
VisualStudioVersion = 16.0.30114.128
MinimumVisualStudioVersion = 10.0.40219.1
Project("{FAE04EC0-301F-11D3-BF4B-00C04F79EFBC}") = "FNLib", "FNLib\FNLib.csproj", "{E11417B8-0674-4518-938A-990DA81AE73C}"
EndProject
Project("{FAE04EC0-301F-11D3-BF4B-00C04F79EFBC}") = "FNLRemapper", "FNLRemapper\FNLRemapper.csproj", "{53132F40-DEB1-4199-B082-F1C25344567F}"
EndProject
Global
	GlobalSection(SolutionConfigurationPlatforms) = preSolution
		Debug|Any CPU = Debug|Any CPU
		Release|Any CPU = Release|Any CPU
	EndGlobalSection
	GlobalSection(ProjectConfigurationPlatforms) = postSolution
		{E11417B8-0674-4518-938A-990DA81AE73C}.Debug|Any CPU.ActiveCfg = Debug|Any CPU
		{E11417B8-0674-4518-938A-990DA81AE73C}.Debug|Any CPU.Build.0 = Debug|Any CPU
		{E11417B8-0674-4518-938A-990DA81AE73C}.Release|Any CPU.ActiveCfg = Release|Any CPU
		{E11417B8-0674-4518-938A-990DA81AE73C}.Release|Any CPU.Build.0 = Release|Any CPU
		{53132F40-DEB1-4199-B082-F1C25344567F}.Debug|Any CPU.ActiveCfg = Debug|Any CPU
		{53132F40-DEB1-4199-B082-F1C25344567F}.Debug|Any CPU.Build.0 = Debug|Any CPU
		{53132F40-DEB1-4199-B082-F1C25344567F}.Release|Any CPU.ActiveCfg = Release|Any CPU
		{53132F40-DEB1-4199-B082-F1C25344567F}.Release|Any CPU.Build.0 = Release|Any CPU
	EndGlobalSection
	GlobalSection(SolutionProperties) = preSolution
		HideSolutionNode = FALSE
	EndGlobalSection
	GlobalSection(ExtensibilityGlobals) = postSolution
		SolutionGuid = {8823399C-C362-479C-9D8B-8B7B24B50BB0}
	EndGlobalSection
EndGlobal
